
Microsoft Visual Studio Solution File, Format Version 12.00
# Visual Studio Version 16
VisualStudioVersion = 16.0.29920.165
MinimumVisualStudioVersion = 10.0.40219.1
Project("{FAE04EC0-301F-11D3-BF4B-00C04F79EFBC}") = "JSONSerialization", "JSONSerialization\JSONSerialization.csproj", "{FEB091B0-09E4-49A9-A31A-0702E20C3472}"
EndProject
Global
	GlobalSection(SolutionConfigurationPlatforms) = preSolution
		Debug|Any CPU = Debug|Any CPU
		Release|Any CPU = Release|Any CPU
	EndGlobalSection
	GlobalSection(ProjectConfigurationPlatforms) = postSolution
		{FEB091B0-09E4-49A9-A31A-0702E20C3472}.Debug|Any CPU.ActiveCfg = Debug|Any CPU
		{FEB091B0-09E4-49A9-A31A-0702E20C3472}.Debug|Any CPU.Build.0 = Debug|Any CPU
		{FEB091B0-09E4-49A9-A31A-0702E20C3472}.Release|Any CPU.ActiveCfg = Release|Any CPU
		{FEB091B0-09E4-49A9-A31A-0702E20C3472}.Release|Any CPU.Build.0 = Release|Any CPU
	EndGlobalSection
	GlobalSection(SolutionProperties) = preSolution
		HideSolutionNode = FALSE
	EndGlobalSection
	GlobalSection(ExtensibilityGlobals) = postSolution
		SolutionGuid = {882E99D4-DE1A-4C0B-BAC4-DF280A951C3E}
	EndGlobalSection
EndGlobal
